
Microsoft Visual Studio Solution File, Format Version 12.00
# Visual Studio Version 17
VisualStudioVersion = 17.0.32014.148
MinimumVisualStudioVersion = 10.0.40219.1
Project("{FAE04EC0-301F-11D3-BF4B-00C04F79EFBC}") = "H1E1_Form", "H1E1_Form\H1E1_Form.csproj", "{AA418A0E-6111-4FF4-9B0E-8EE60A1F6C35}"
EndProject
Project("{FAE04EC0-301F-11D3-BF4B-00C04F79EFBC}") = "H1E2_BodyMassIndex", "H1E2_BodyMassIndex\H1E2_BodyMassIndex.csproj", "{1C578395-7677-4D75-9AA0-11E1FF0B2A13}"
EndProject
Project("{FAE04EC0-301F-11D3-BF4B-00C04F79EFBC}") = "H1E3_DistanceBetweenPoints", "H1E3_DistanceBetweenPoints\H1E3_DistanceBetweenPoints.csproj", "{A0E736AC-6E83-4CE9-B317-0C74CAF4B2A2}"
EndProject
Project("{FAE04EC0-301F-11D3-BF4B-00C04F79EFBC}") = "H1E4_Swap", "H1E4_Swap\H1E4_Swap.csproj", "{0A1F7D04-15A4-4845-816D-4DCCD8F1115F}"
EndProject
Project("{FAE04EC0-301F-11D3-BF4B-00C04F79EFBC}") = "H1E5_NameSurnameCity", "H1E5_NameSurnameCity\H1E5_NameSurnameCity.csproj", "{DBC5E44D-556B-41C1-8987-E3C5EE97F24A}"
EndProject
Project("{FAE04EC0-301F-11D3-BF4B-00C04F79EFBC}") = "H2E1_MinimumNumber", "H2E1_MinimumNumber\H2E1_MinimumNumber.csproj", "{FB83F9F7-A306-450C-9C65-43A6505FD3EC}"
EndProject
Project("{FAE04EC0-301F-11D3-BF4B-00C04F79EFBC}") = "H2E2_DigitsCountOfNumber", "H2E2_DigitsCountOfNumber\H2E2_DigitsCountOfNumber.csproj", "{8DD8AA64-DDF9-47FD-8D19-8C0107BD79C9}"
EndProject
Project("{FAE04EC0-301F-11D3-BF4B-00C04F79EFBC}") = "H2E3_SumOfOddPositiveNumbers", "H2E3_SumOfOddPositiveNumbers\H2E3_SumOfOddPositiveNumbers.csproj", "{46689DDB-9C84-453D-9FF3-8543BE310518}"
EndProject
Project("{FAE04EC0-301F-11D3-BF4B-00C04F79EFBC}") = "H2E4_LoginAndPassword", "H2E4_LoginAndPassword\H2E4_LoginAndPassword.csproj", "{D8DF3FAD-4DD4-4585-A02F-EDEE1AB7D2F3}"
EndProject
Project("{FAE04EC0-301F-11D3-BF4B-00C04F79EFBC}") = "H2E5_BodyMassIndex", "H2E5_BodyMassIndex\H2E5_BodyMassIndex.csproj", "{378D12DF-A912-428B-AD8B-D760AB898DA8}"
EndProject
Project("{FAE04EC0-301F-11D3-BF4B-00C04F79EFBC}") = "H2E6_GoodNumbersCount", "H2E6_GoodNumbersCount\H2E6_GoodNumbersCount.csproj", "{06E6AE1A-2099-4A41-ACDF-451E9BCAADB2}"
EndProject
Project("{FAE04EC0-301F-11D3-BF4B-00C04F79EFBC}") = "H2E7_Recursion", "H2E7_Recursion\H2E7_Recursion.csproj", "{392A1AC8-F2B9-4D1D-9C5E-FFD343B38F77}"
EndProject
Project("{FAE04EC0-301F-11D3-BF4B-00C04F79EFBC}") = "H3E1_Complex", "H3E1_Complex\H3E1_Complex.csproj", "{F7A6C0FB-0A00-4F7A-BC5A-B2073B131F38}"
EndProject
Project("{FAE04EC0-301F-11D3-BF4B-00C04F79EFBC}") = "H3E2_SumOfOddPositiveNumbers", "H3E2_SumOfOddPositiveNumbers\H3E2_SumOfOddPositiveNumbers.csproj", "{D0930530-7F70-420B-9B5C-C880BD6B09C4}"
EndProject
Project("{FAE04EC0-301F-11D3-BF4B-00C04F79EFBC}") = "H3E3_RationalFraction", "H3E3_RationalFraction\H3E3_RationalFraction.csproj", "{82D3FA77-7A82-4869-B78C-5466B9068AB7}"
EndProject
Project("{FAE04EC0-301F-11D3-BF4B-00C04F79EFBC}") = "H4E1_ArrayPairs", "H4E1_ArrayPairs\H4E1_ArrayPairs.csproj", "{63F25C66-528F-4B81-A11D-4834A2CF2275}"
EndProject
Project("{FAE04EC0-301F-11D3-BF4B-00C04F79EFBC}") = "H4E2_StaticArrayPairs", "H4E2_StaticArrayPairs\H4E2_StaticArrayPairs.csproj", "{A03D12EC-1E42-45B0-B87F-4F4B2EE9F04B}"
EndProject
Project("{FAE04EC0-301F-11D3-BF4B-00C04F79EFBC}") = "H4E3_OneDimensionalArray", "H4E3_OneDimensionalArray\H4E3_OneDimensionalArray.csproj", "{275068F8-BE67-4F12-BC32-289E3FE46993}"
EndProject
Project("{FAE04EC0-301F-11D3-BF4B-00C04F79EFBC}") = "H4E4_LoginAndPassword", "H4E4_LoginAndPassword\H4E4_LoginAndPassword.csproj", "{019E9CA6-9A2C-4709-A113-6E44D4E65B9C}"
EndProject
Project("{FAE04EC0-301F-11D3-BF4B-00C04F79EFBC}") = "H4E5_TwoDimensionalArray", "H4E5_TwoDimensionalArray\H4E5_TwoDimensionalArray.csproj", "{4B923BA3-C87D-4157-B81A-78DF4735C11A}"
EndProject
Project("{FAE04EC0-301F-11D3-BF4B-00C04F79EFBC}") = "H5E1_LoginValidation", "H5E1_LoginValidation\H5E1_LoginValidation.csproj", "{3CD44116-3702-40D4-A958-A4EAD5D78E51}"
EndProject
Project("{FAE04EC0-301F-11D3-BF4B-00C04F79EFBC}") = "H5E2_Message", "H5E2_Message\H5E2_Message.csproj", "{226A0583-2543-40D0-8A04-F0D676CA04CA}"
EndProject
Project("{FAE04EC0-301F-11D3-BF4B-00C04F79EFBC}") = "H5E3_StringComparison", "H5E3_StringComparison\H5E3_StringComparison.csproj", "{78E1BC10-3CAF-41FD-8374-D5A0DC950B17}"
EndProject
Project("{FAE04EC0-301F-11D3-BF4B-00C04F79EFBC}") = "H5E4_Students", "H5E4_Students\H5E4_Students.csproj", "{521DE77E-3BCA-48E3-9344-9F8FB6C08FBA}"
EndProject
Project("{FAE04EC0-301F-11D3-BF4B-00C04F79EFBC}") = "H6E1_Function", "H6E1_Function\H6E1_Function.csproj", "{BE0B495C-CB7E-4F70-8B01-4C27ABD305A8}"
EndProject
Project("{FAE04EC0-301F-11D3-BF4B-00C04F79EFBC}") = "H6E2_FunctionMinimum", "H6E2_FunctionMinimum\H6E2_FunctionMinimum.csproj", "{5CB2DC24-F80E-489D-9FBE-58B961AB6AB9}"
EndProject
Project("{FAE04EC0-301F-11D3-BF4B-00C04F79EFBC}") = "H6E3_Collections", "H6E3_Collections\H6E3_Collections.csproj", "{7DBEC8C8-CA11-4D66-B0CE-89AA0D211AC7}"
EndProject
Project("{FAE04EC0-301F-11D3-BF4B-00C04F79EFBC}") = "H6E4_WriteAndRead", "H6E4_WriteAndRead\H6E4_WriteAndRead.csproj", "{5160A1C0-5D19-4C9B-B59E-847F236CB72E}"
EndProject
Global
	GlobalSection(SolutionConfigurationPlatforms) = preSolution
		Debug|Any CPU = Debug|Any CPU
		Release|Any CPU = Release|Any CPU
	EndGlobalSection
	GlobalSection(ProjectConfigurationPlatforms) = postSolution
		{AA418A0E-6111-4FF4-9B0E-8EE60A1F6C35}.Debug|Any CPU.ActiveCfg = Debug|Any CPU
		{AA418A0E-6111-4FF4-9B0E-8EE60A1F6C35}.Debug|Any CPU.Build.0 = Debug|Any CPU
		{AA418A0E-6111-4FF4-9B0E-8EE60A1F6C35}.Release|Any CPU.ActiveCfg = Release|Any CPU
		{AA418A0E-6111-4FF4-9B0E-8EE60A1F6C35}.Release|Any CPU.Build.0 = Release|Any CPU
		{1C578395-7677-4D75-9AA0-11E1FF0B2A13}.Debug|Any CPU.ActiveCfg = Debug|Any CPU
		{1C578395-7677-4D75-9AA0-11E1FF0B2A13}.Debug|Any CPU.Build.0 = Debug|Any CPU
		{1C578395-7677-4D75-9AA0-11E1FF0B2A13}.Release|Any CPU.ActiveCfg = Release|Any CPU
		{1C578395-7677-4D75-9AA0-11E1FF0B2A13}.Release|Any CPU.Build.0 = Release|Any CPU
		{A0E736AC-6E83-4CE9-B317-0C74CAF4B2A2}.Debug|Any CPU.ActiveCfg = Debug|Any CPU
		{A0E736AC-6E83-4CE9-B317-0C74CAF4B2A2}.Debug|Any CPU.Build.0 = Debug|Any CPU
		{A0E736AC-6E83-4CE9-B317-0C74CAF4B2A2}.Release|Any CPU.ActiveCfg = Release|Any CPU
		{A0E736AC-6E83-4CE9-B317-0C74CAF4B2A2}.Release|Any CPU.Build.0 = Release|Any CPU
		{0A1F7D04-15A4-4845-816D-4DCCD8F1115F}.Debug|Any CPU.ActiveCfg = Debug|Any CPU
		{0A1F7D04-15A4-4845-816D-4DCCD8F1115F}.Debug|Any CPU.Build.0 = Debug|Any CPU
		{0A1F7D04-15A4-4845-816D-4DCCD8F1115F}.Release|Any CPU.ActiveCfg = Release|Any CPU
		{0A1F7D04-15A4-4845-816D-4DCCD8F1115F}.Release|Any CPU.Build.0 = Release|Any CPU
		{DBC5E44D-556B-41C1-8987-E3C5EE97F24A}.Debug|Any CPU.ActiveCfg = Debug|Any CPU
		{DBC5E44D-556B-41C1-8987-E3C5EE97F24A}.Debug|Any CPU.Build.0 = Debug|Any CPU
		{DBC5E44D-556B-41C1-8987-E3C5EE97F24A}.Release|Any CPU.ActiveCfg = Release|Any CPU
		{DBC5E44D-556B-41C1-8987-E3C5EE97F24A}.Release|Any CPU.Build.0 = Release|Any CPU
		{FB83F9F7-A306-450C-9C65-43A6505FD3EC}.Debug|Any CPU.ActiveCfg = Debug|Any CPU
		{FB83F9F7-A306-450C-9C65-43A6505FD3EC}.Debug|Any CPU.Build.0 = Debug|Any CPU
		{FB83F9F7-A306-450C-9C65-43A6505FD3EC}.Release|Any CPU.ActiveCfg = Release|Any CPU
		{FB83F9F7-A306-450C-9C65-43A6505FD3EC}.Release|Any CPU.Build.0 = Release|Any CPU
		{8DD8AA64-DDF9-47FD-8D19-8C0107BD79C9}.Debug|Any CPU.ActiveCfg = Debug|Any CPU
		{8DD8AA64-DDF9-47FD-8D19-8C0107BD79C9}.Debug|Any CPU.Build.0 = Debug|Any CPU
		{8DD8AA64-DDF9-47FD-8D19-8C0107BD79C9}.Release|Any CPU.ActiveCfg = Release|Any CPU
		{8DD8AA64-DDF9-47FD-8D19-8C0107BD79C9}.Release|Any CPU.Build.0 = Release|Any CPU
		{46689DDB-9C84-453D-9FF3-8543BE310518}.Debug|Any CPU.ActiveCfg = Debug|Any CPU
		{46689DDB-9C84-453D-9FF3-8543BE310518}.Debug|Any CPU.Build.0 = Debug|Any CPU
		{46689DDB-9C84-453D-9FF3-8543BE310518}.Release|Any CPU.ActiveCfg = Release|Any CPU
		{46689DDB-9C84-453D-9FF3-8543BE310518}.Release|Any CPU.Build.0 = Release|Any CPU
		{D8DF3FAD-4DD4-4585-A02F-EDEE1AB7D2F3}.Debug|Any CPU.ActiveCfg = Debug|Any CPU
		{D8DF3FAD-4DD4-4585-A02F-EDEE1AB7D2F3}.Debug|Any CPU.Build.0 = Debug|Any CPU
		{D8DF3FAD-4DD4-4585-A02F-EDEE1AB7D2F3}.Release|Any CPU.ActiveCfg = Release|Any CPU
		{D8DF3FAD-4DD4-4585-A02F-EDEE1AB7D2F3}.Release|Any CPU.Build.0 = Release|Any CPU
		{378D12DF-A912-428B-AD8B-D760AB898DA8}.Debug|Any CPU.ActiveCfg = Debug|Any CPU
		{378D12DF-A912-428B-AD8B-D760AB898DA8}.Debug|Any CPU.Build.0 = Debug|Any CPU
		{378D12DF-A912-428B-AD8B-D760AB898DA8}.Release|Any CPU.ActiveCfg = Release|Any CPU
		{378D12DF-A912-428B-AD8B-D760AB898DA8}.Release|Any CPU.Build.0 = Release|Any CPU
		{06E6AE1A-2099-4A41-ACDF-451E9BCAADB2}.Debug|Any CPU.ActiveCfg = Debug|Any CPU
		{06E6AE1A-2099-4A41-ACDF-451E9BCAADB2}.Debug|Any CPU.Build.0 = Debug|Any CPU
		{06E6AE1A-2099-4A41-ACDF-451E9BCAADB2}.Release|Any CPU.ActiveCfg = Release|Any CPU
		{06E6AE1A-2099-4A41-ACDF-451E9BCAADB2}.Release|Any CPU.Build.0 = Release|Any CPU
		{392A1AC8-F2B9-4D1D-9C5E-FFD343B38F77}.Debug|Any CPU.ActiveCfg = Debug|Any CPU
		{392A1AC8-F2B9-4D1D-9C5E-FFD343B38F77}.Debug|Any CPU.Build.0 = Debug|Any CPU
		{392A1AC8-F2B9-4D1D-9C5E-FFD343B38F77}.Release|Any CPU.ActiveCfg = Release|Any CPU
		{392A1AC8-F2B9-4D1D-9C5E-FFD343B38F77}.Release|Any CPU.Build.0 = Release|Any CPU
		{F7A6C0FB-0A00-4F7A-BC5A-B2073B131F38}.Debug|Any CPU.ActiveCfg = Debug|Any CPU
		{F7A6C0FB-0A00-4F7A-BC5A-B2073B131F38}.Debug|Any CPU.Build.0 = Debug|Any CPU
		{F7A6C0FB-0A00-4F7A-BC5A-B2073B131F38}.Release|Any CPU.ActiveCfg = Release|Any CPU
		{F7A6C0FB-0A00-4F7A-BC5A-B2073B131F38}.Release|Any CPU.Build.0 = Release|Any CPU
		{D0930530-7F70-420B-9B5C-C880BD6B09C4}.Debug|Any CPU.ActiveCfg = Debug|Any CPU
		{D0930530-7F70-420B-9B5C-C880BD6B09C4}.Debug|Any CPU.Build.0 = Debug|Any CPU
		{D0930530-7F70-420B-9B5C-C880BD6B09C4}.Release|Any CPU.ActiveCfg = Release|Any CPU
		{D0930530-7F70-420B-9B5C-C880BD6B09C4}.Release|Any CPU.Build.0 = Release|Any CPU
		{82D3FA77-7A82-4869-B78C-5466B9068AB7}.Debug|Any CPU.ActiveCfg = Debug|Any CPU
		{82D3FA77-7A82-4869-B78C-5466B9068AB7}.Debug|Any CPU.Build.0 = Debug|Any CPU
		{82D3FA77-7A82-4869-B78C-5466B9068AB7}.Release|Any CPU.ActiveCfg = Release|Any CPU
		{82D3FA77-7A82-4869-B78C-5466B9068AB7}.Release|Any CPU.Build.0 = Release|Any CPU
		{63F25C66-528F-4B81-A11D-4834A2CF2275}.Debug|Any CPU.ActiveCfg = Debug|Any CPU
		{63F25C66-528F-4B81-A11D-4834A2CF2275}.Debug|Any CPU.Build.0 = Debug|Any CPU
		{63F25C66-528F-4B81-A11D-4834A2CF2275}.Release|Any CPU.ActiveCfg = Release|Any CPU
		{63F25C66-528F-4B81-A11D-4834A2CF2275}.Release|Any CPU.Build.0 = Release|Any CPU
		{A03D12EC-1E42-45B0-B87F-4F4B2EE9F04B}.Debug|Any CPU.ActiveCfg = Debug|Any CPU
		{A03D12EC-1E42-45B0-B87F-4F4B2EE9F04B}.Debug|Any CPU.Build.0 = Debug|Any CPU
		{A03D12EC-1E42-45B0-B87F-4F4B2EE9F04B}.Release|Any CPU.ActiveCfg = Release|Any CPU
		{A03D12EC-1E42-45B0-B87F-4F4B2EE9F04B}.Release|Any CPU.Build.0 = Release|Any CPU
		{275068F8-BE67-4F12-BC32-289E3FE46993}.Debug|Any CPU.ActiveCfg = Debug|Any CPU
		{275068F8-BE67-4F12-BC32-289E3FE46993}.Debug|Any CPU.Build.0 = Debug|Any CPU
		{275068F8-BE67-4F12-BC32-289E3FE46993}.Release|Any CPU.ActiveCfg = Release|Any CPU
		{275068F8-BE67-4F12-BC32-289E3FE46993}.Release|Any CPU.Build.0 = Release|Any CPU
		{019E9CA6-9A2C-4709-A113-6E44D4E65B9C}.Debug|Any CPU.ActiveCfg = Debug|Any CPU
		{019E9CA6-9A2C-4709-A113-6E44D4E65B9C}.Debug|Any CPU.Build.0 = Debug|Any CPU
		{019E9CA6-9A2C-4709-A113-6E44D4E65B9C}.Release|Any CPU.ActiveCfg = Release|Any CPU
		{019E9CA6-9A2C-4709-A113-6E44D4E65B9C}.Release|Any CPU.Build.0 = Release|Any CPU
		{4B923BA3-C87D-4157-B81A-78DF4735C11A}.Debug|Any CPU.ActiveCfg = Debug|Any CPU
		{4B923BA3-C87D-4157-B81A-78DF4735C11A}.Debug|Any CPU.Build.0 = Debug|Any CPU
		{4B923BA3-C87D-4157-B81A-78DF4735C11A}.Release|Any CPU.ActiveCfg = Release|Any CPU
		{4B923BA3-C87D-4157-B81A-78DF4735C11A}.Release|Any CPU.Build.0 = Release|Any CPU
		{3CD44116-3702-40D4-A958-A4EAD5D78E51}.Debug|Any CPU.ActiveCfg = Debug|Any CPU
		{3CD44116-3702-40D4-A958-A4EAD5D78E51}.Debug|Any CPU.Build.0 = Debug|Any CPU
		{3CD44116-3702-40D4-A958-A4EAD5D78E51}.Release|Any CPU.ActiveCfg = Release|Any CPU
		{3CD44116-3702-40D4-A958-A4EAD5D78E51}.Release|Any CPU.Build.0 = Release|Any CPU
		{226A0583-2543-40D0-8A04-F0D676CA04CA}.Debug|Any CPU.ActiveCfg = Debug|Any CPU
		{226A0583-2543-40D0-8A04-F0D676CA04CA}.Debug|Any CPU.Build.0 = Debug|Any CPU
		{226A0583-2543-40D0-8A04-F0D676CA04CA}.Release|Any CPU.ActiveCfg = Release|Any CPU
		{226A0583-2543-40D0-8A04-F0D676CA04CA}.Release|Any CPU.Build.0 = Release|Any CPU
		{78E1BC10-3CAF-41FD-8374-D5A0DC950B17}.Debug|Any CPU.ActiveCfg = Debug|Any CPU
		{78E1BC10-3CAF-41FD-8374-D5A0DC950B17}.Debug|Any CPU.Build.0 = Debug|Any CPU
		{78E1BC10-3CAF-41FD-8374-D5A0DC950B17}.Release|Any CPU.ActiveCfg = Release|Any CPU
		{78E1BC10-3CAF-41FD-8374-D5A0DC950B17}.Release|Any CPU.Build.0 = Release|Any CPU
		{521DE77E-3BCA-48E3-9344-9F8FB6C08FBA}.Debug|Any CPU.ActiveCfg = Debug|Any CPU
		{521DE77E-3BCA-48E3-9344-9F8FB6C08FBA}.Debug|Any CPU.Build.0 = Debug|Any CPU
		{521DE77E-3BCA-48E3-9344-9F8FB6C08FBA}.Release|Any CPU.ActiveCfg = Release|Any CPU
		{521DE77E-3BCA-48E3-9344-9F8FB6C08FBA}.Release|Any CPU.Build.0 = Release|Any CPU
		{BE0B495C-CB7E-4F70-8B01-4C27ABD305A8}.Debug|Any CPU.ActiveCfg = Debug|Any CPU
		{BE0B495C-CB7E-4F70-8B01-4C27ABD305A8}.Debug|Any CPU.Build.0 = Debug|Any CPU
		{BE0B495C-CB7E-4F70-8B01-4C27ABD305A8}.Release|Any CPU.ActiveCfg = Release|Any CPU
		{BE0B495C-CB7E-4F70-8B01-4C27ABD305A8}.Release|Any CPU.Build.0 = Release|Any CPU
		{5CB2DC24-F80E-489D-9FBE-58B961AB6AB9}.Debug|Any CPU.ActiveCfg = Debug|Any CPU
		{5CB2DC24-F80E-489D-9FBE-58B961AB6AB9}.Debug|Any CPU.Build.0 = Debug|Any CPU
		{5CB2DC24-F80E-489D-9FBE-58B961AB6AB9}.Release|Any CPU.ActiveCfg = Release|Any CPU
		{5CB2DC24-F80E-489D-9FBE-58B961AB6AB9}.Release|Any CPU.Build.0 = Release|Any CPU
		{7DBEC8C8-CA11-4D66-B0CE-89AA0D211AC7}.Debug|Any CPU.ActiveCfg = Debug|Any CPU
		{7DBEC8C8-CA11-4D66-B0CE-89AA0D211AC7}.Debug|Any CPU.Build.0 = Debug|Any CPU
		{7DBEC8C8-CA11-4D66-B0CE-89AA0D211AC7}.Release|Any CPU.ActiveCfg = Release|Any CPU
		{7DBEC8C8-CA11-4D66-B0CE-89AA0D211AC7}.Release|Any CPU.Build.0 = Release|Any CPU
		{5160A1C0-5D19-4C9B-B59E-847F236CB72E}.Debug|Any CPU.ActiveCfg = Debug|Any CPU
		{5160A1C0-5D19-4C9B-B59E-847F236CB72E}.Debug|Any CPU.Build.0 = Debug|Any CPU
		{5160A1C0-5D19-4C9B-B59E-847F236CB72E}.Release|Any CPU.ActiveCfg = Release|Any CPU
		{5160A1C0-5D19-4C9B-B59E-847F236CB72E}.Release|Any CPU.Build.0 = Release|Any CPU
	EndGlobalSection
	GlobalSection(SolutionProperties) = preSolution
		HideSolutionNode = FALSE
	EndGlobalSection
	GlobalSection(ExtensibilityGlobals) = postSolution
		SolutionGuid = {66D93B96-9D90-43B6-A325-606C798A8F20}
	EndGlobalSection
EndGlobal
